
Microsoft Visual Studio Solution File, Format Version 12.00
# Visual Studio Version 17
VisualStudioVersion = 17.1.32328.378
MinimumVisualStudioVersion = 10.0.40219.1
Project("{FAE04EC0-301F-11D3-BF4B-00C04F79EFBC}") = "ASPNETMVCCRUD", "ASPNETMVCCRUD.csproj", "{6FECB222-CBC1-4079-A1A2-E9233C54836D}"
EndProject
Global
	GlobalSection(SolutionConfigurationPlatforms) = preSolution
		Debug|Any CPU = Debug|Any CPU
		Release|Any CPU = Release|Any CPU
	EndGlobalSection
	GlobalSection(ProjectConfigurationPlatforms) = postSolution
		{6FECB222-CBC1-4079-A1A2-E9233C54836D}.Debug|Any CPU.ActiveCfg = Debug|Any CPU
		{6FECB222-CBC1-4079-A1A2-E9233C54836D}.Debug|Any CPU.Build.0 = Debug|Any CPU
		{6FECB222-CBC1-4079-A1A2-E9233C54836D}.Release|Any CPU.ActiveCfg = Release|Any CPU
		{6FECB222-CBC1-4079-A1A2-E9233C54836D}.Release|Any CPU.Build.0 = Release|Any CPU
	EndGlobalSection
	GlobalSection(SolutionProperties) = preSolution
		HideSolutionNode = FALSE
	EndGlobalSection
	GlobalSection(ExtensibilityGlobals) = postSolution
		SolutionGuid = {E77814D5-5020-4678-A566-A7BFAC33E776}
	EndGlobalSection
EndGlobal
